
Microsoft Visual Studio Solution File, Format Version 12.00
# Visual Studio Version 17
VisualStudioVersion = 17.5.002.0
MinimumVisualStudioVersion = 10.0.40219.1
Project("{9A19103F-16F7-4668-BE54-9A1E7A4F7556}") = "SimpleApi", "SimpleApi.csproj", "{8EA23E87-5EBB-4F3A-A52F-ADA275E93041}"
EndProject
Global
	GlobalSection(SolutionConfigurationPlatforms) = preSolution
		Debug|Any CPU = Debug|Any CPU
		Release|Any CPU = Release|Any CPU
	EndGlobalSection
	GlobalSection(ProjectConfigurationPlatforms) = postSolution
		{8EA23E87-5EBB-4F3A-A52F-ADA275E93041}.Debug|Any CPU.ActiveCfg = Debug|Any CPU
		{8EA23E87-5EBB-4F3A-A52F-ADA275E93041}.Debug|Any CPU.Build.0 = Debug|Any CPU
		{8EA23E87-5EBB-4F3A-A52F-ADA275E93041}.Release|Any CPU.ActiveCfg = Release|Any CPU
		{8EA23E87-5EBB-4F3A-A52F-ADA275E93041}.Release|Any CPU.Build.0 = Release|Any CPU
	EndGlobalSection
	GlobalSection(SolutionProperties) = preSolution
		HideSolutionNode = FALSE
	EndGlobalSection
	GlobalSection(ExtensibilityGlobals) = postSolution
		SolutionGuid = {C135176D-DC5E-46E0-95D9-1F38E24D1DED}
	EndGlobalSection
EndGlobal
