Microsoft Visual Studio Solution File, Format Version 12.00
# Visual Studio Version 17
VisualStudioVersion = 17.5.2.0
MinimumVisualStudioVersion = 10.0.40219.1
Project("{FAE04EC0-301F-11D3-BF4B-00C04F79EFBC}") = "QueueDemo", "QueueDemo.csproj", "{96E0DE90-40CC-2C89-0431-6B04E6D6CA15}"
EndProject
Global
	GlobalSection(SolutionConfigurationPlatforms) = preSolution
		Debug|Any CPU = Debug|Any CPU
		Release|Any CPU = Release|Any CPU
	EndGlobalSection
	GlobalSection(ProjectConfigurationPlatforms) = postSolution
		{96E0DE90-40CC-2C89-0431-6B04E6D6CA15}.Debug|Any CPU.ActiveCfg = Debug|Any CPU
		{96E0DE90-40CC-2C89-0431-6B04E6D6CA15}.Debug|Any CPU.Build.0 = Debug|Any CPU
		{96E0DE90-40CC-2C89-0431-6B04E6D6CA15}.Release|Any CPU.ActiveCfg = Release|Any CPU
		{96E0DE90-40CC-2C89-0431-6B04E6D6CA15}.Release|Any CPU.Build.0 = Release|Any CPU
	EndGlobalSection
	GlobalSection(SolutionProperties) = preSolution
		HideSolutionNode = FALSE
	EndGlobalSection
	GlobalSection(ExtensibilityGlobals) = postSolution
		SolutionGuid = {1744B102-9257-44EA-A254-30445E005708}
	EndGlobalSection
EndGlobal
