Microsoft Visual Studio Solution File, Format Version 12.00
# Visual Studio Version 17
VisualStudioVersion = 17.5.2.0
MinimumVisualStudioVersion = 10.0.40219.1
Project("{FAE04EC0-301F-11D3-BF4B-00C04F79EFBC}") = "ServiceBusQueueProducer", "ServiceBusQueueProducer.csproj", "{1F5F64E2-C7C0-745F-17DE-86FB60F95E75}"
EndProject
Global
	GlobalSection(SolutionConfigurationPlatforms) = preSolution
		Debug|Any CPU = Debug|Any CPU
		Release|Any CPU = Release|Any CPU
	EndGlobalSection
	GlobalSection(ProjectConfigurationPlatforms) = postSolution
		{1F5F64E2-C7C0-745F-17DE-86FB60F95E75}.Debug|Any CPU.ActiveCfg = Debug|Any CPU
		{1F5F64E2-C7C0-745F-17DE-86FB60F95E75}.Debug|Any CPU.Build.0 = Debug|Any CPU
		{1F5F64E2-C7C0-745F-17DE-86FB60F95E75}.Release|Any CPU.ActiveCfg = Release|Any CPU
		{1F5F64E2-C7C0-745F-17DE-86FB60F95E75}.Release|Any CPU.Build.0 = Release|Any CPU
	EndGlobalSection
	GlobalSection(SolutionProperties) = preSolution
		HideSolutionNode = FALSE
	EndGlobalSection
	GlobalSection(ExtensibilityGlobals) = postSolution
		SolutionGuid = {8CAF7A0C-25CA-46A4-91C4-81F35CAB3606}
	EndGlobalSection
EndGlobal
