
Microsoft Visual Studio Solution File, Format Version 12.00
# Visual Studio Version 17
VisualStudioVersion = 17.5.002.0
MinimumVisualStudioVersion = 10.0.40219.1
Project("{9A19103F-16F7-4668-BE54-9A1E7A4F7556}") = "clase-dos", "clase-dos.csproj", "{69011339-E35D-407F-B240-149B27870F45}"
EndProject
Global
	GlobalSection(SolutionConfigurationPlatforms) = preSolution
		Debug|Any CPU = Debug|Any CPU
		Release|Any CPU = Release|Any CPU
	EndGlobalSection
	GlobalSection(ProjectConfigurationPlatforms) = postSolution
		{69011339-E35D-407F-B240-149B27870F45}.Debug|Any CPU.ActiveCfg = Debug|Any CPU
		{69011339-E35D-407F-B240-149B27870F45}.Debug|Any CPU.Build.0 = Debug|Any CPU
		{69011339-E35D-407F-B240-149B27870F45}.Release|Any CPU.ActiveCfg = Release|Any CPU
		{69011339-E35D-407F-B240-149B27870F45}.Release|Any CPU.Build.0 = Release|Any CPU
	EndGlobalSection
	GlobalSection(SolutionProperties) = preSolution
		HideSolutionNode = FALSE
	EndGlobalSection
	GlobalSection(ExtensibilityGlobals) = postSolution
		SolutionGuid = {719F2182-2C5A-4E5F-BDBF-4CE1EBB2D2DF}
	EndGlobalSection
EndGlobal
