
Microsoft Visual Studio Solution File, Format Version 12.00
# Visual Studio Version 17
VisualStudioVersion = 17.5.002.0
MinimumVisualStudioVersion = 10.0.40219.1
Project("{9A19103F-16F7-4668-BE54-9A1E7A4F7556}") = "QueueReceiver", "QueueReceiver.csproj", "{1D59DE03-1EBD-4CF3-A46D-B85E20AF17CD}"
EndProject
Global
	GlobalSection(SolutionConfigurationPlatforms) = preSolution
		Debug|Any CPU = Debug|Any CPU
		Release|Any CPU = Release|Any CPU
	EndGlobalSection
	GlobalSection(ProjectConfigurationPlatforms) = postSolution
		{1D59DE03-1EBD-4CF3-A46D-B85E20AF17CD}.Debug|Any CPU.ActiveCfg = Debug|Any CPU
		{1D59DE03-1EBD-4CF3-A46D-B85E20AF17CD}.Debug|Any CPU.Build.0 = Debug|Any CPU
		{1D59DE03-1EBD-4CF3-A46D-B85E20AF17CD}.Release|Any CPU.ActiveCfg = Release|Any CPU
		{1D59DE03-1EBD-4CF3-A46D-B85E20AF17CD}.Release|Any CPU.Build.0 = Release|Any CPU
	EndGlobalSection
	GlobalSection(SolutionProperties) = preSolution
		HideSolutionNode = FALSE
	EndGlobalSection
	GlobalSection(ExtensibilityGlobals) = postSolution
		SolutionGuid = {1AE2DBC5-883D-417F-8B61-22F2EE6B7C0C}
	EndGlobalSection
EndGlobal
