Microsoft Visual Studio Solution File, Format Version 12.00
# Visual Studio Version 17
VisualStudioVersion = 17.5.2.0
MinimumVisualStudioVersion = 10.0.40219.1
Project("{FAE04EC0-301F-11D3-BF4B-00C04F79EFBC}") = "DurableFunctions", "DurableFunctions.csproj", "{0977A20F-41D3-6FE5-B125-FEE9B19081C7}"
EndProject
Global
	GlobalSection(SolutionConfigurationPlatforms) = preSolution
		Debug|Any CPU = Debug|Any CPU
		Release|Any CPU = Release|Any CPU
	EndGlobalSection
	GlobalSection(ProjectConfigurationPlatforms) = postSolution
		{0977A20F-41D3-6FE5-B125-FEE9B19081C7}.Debug|Any CPU.ActiveCfg = Debug|Any CPU
		{0977A20F-41D3-6FE5-B125-FEE9B19081C7}.Debug|Any CPU.Build.0 = Debug|Any CPU
		{0977A20F-41D3-6FE5-B125-FEE9B19081C7}.Release|Any CPU.ActiveCfg = Release|Any CPU
		{0977A20F-41D3-6FE5-B125-FEE9B19081C7}.Release|Any CPU.Build.0 = Release|Any CPU
	EndGlobalSection
	GlobalSection(SolutionProperties) = preSolution
		HideSolutionNode = FALSE
	EndGlobalSection
	GlobalSection(ExtensibilityGlobals) = postSolution
		SolutionGuid = {6AF0F28F-F3D6-4F5B-B5BC-6200EC0B5988}
	EndGlobalSection
EndGlobal
