Microsoft Visual Studio Solution File, Format Version 12.00
# Visual Studio Version 17
VisualStudioVersion = 17.5.2.0
MinimumVisualStudioVersion = 10.0.40219.1
Project("{FAE04EC0-301F-11D3-BF4B-00C04F79EFBC}") = "QueuePublisherDemo", "QueuePublisherDemo.csproj", "{40BE4068-D5BB-CCA1-AA22-3D8569ABF269}"
EndProject
Global
	GlobalSection(SolutionConfigurationPlatforms) = preSolution
		Debug|Any CPU = Debug|Any CPU
		Release|Any CPU = Release|Any CPU
	EndGlobalSection
	GlobalSection(ProjectConfigurationPlatforms) = postSolution
		{40BE4068-D5BB-CCA1-AA22-3D8569ABF269}.Debug|Any CPU.ActiveCfg = Debug|Any CPU
		{40BE4068-D5BB-CCA1-AA22-3D8569ABF269}.Debug|Any CPU.Build.0 = Debug|Any CPU
		{40BE4068-D5BB-CCA1-AA22-3D8569ABF269}.Release|Any CPU.ActiveCfg = Release|Any CPU
		{40BE4068-D5BB-CCA1-AA22-3D8569ABF269}.Release|Any CPU.Build.0 = Release|Any CPU
	EndGlobalSection
	GlobalSection(SolutionProperties) = preSolution
		HideSolutionNode = FALSE
	EndGlobalSection
	GlobalSection(ExtensibilityGlobals) = postSolution
		SolutionGuid = {0FE58FFE-777F-4A47-8B0B-80D3233183B0}
	EndGlobalSection
EndGlobal
