Microsoft Visual Studio Solution File, Format Version 12.00
# Visual Studio Version 17
VisualStudioVersion = 17.5.2.0
MinimumVisualStudioVersion = 10.0.40219.1
Project("{FAE04EC0-301F-11D3-BF4B-00C04F79EFBC}") = "AuthenticationDemo", "AuthenticationDemo.csproj", "{B772183D-F45C-F374-0CE0-B6022CC6CEF6}"
EndProject
Global
	GlobalSection(SolutionConfigurationPlatforms) = preSolution
		Debug|Any CPU = Debug|Any CPU
		Release|Any CPU = Release|Any CPU
	EndGlobalSection
	GlobalSection(ProjectConfigurationPlatforms) = postSolution
		{B772183D-F45C-F374-0CE0-B6022CC6CEF6}.Debug|Any CPU.ActiveCfg = Debug|Any CPU
		{B772183D-F45C-F374-0CE0-B6022CC6CEF6}.Debug|Any CPU.Build.0 = Debug|Any CPU
		{B772183D-F45C-F374-0CE0-B6022CC6CEF6}.Release|Any CPU.ActiveCfg = Release|Any CPU
		{B772183D-F45C-F374-0CE0-B6022CC6CEF6}.Release|Any CPU.Build.0 = Release|Any CPU
	EndGlobalSection
	GlobalSection(SolutionProperties) = preSolution
		HideSolutionNode = FALSE
	EndGlobalSection
	GlobalSection(ExtensibilityGlobals) = postSolution
		SolutionGuid = {57205988-A98A-4546-9280-7556F070B7B0}
	EndGlobalSection
EndGlobal
