Microsoft Visual Studio Solution File, Format Version 12.00
# Visual Studio Version 17
VisualStudioVersion = 17.5.2.0
MinimumVisualStudioVersion = 10.0.40219.1
Project("{FAE04EC0-301F-11D3-BF4B-00C04F79EFBC}") = "QueueReceiverDemo", "QueueReceiverDemo.csproj", "{42CC4CB1-170A-C614-F569-30D6A40C685F}"
EndProject
Global
	GlobalSection(SolutionConfigurationPlatforms) = preSolution
		Debug|Any CPU = Debug|Any CPU
		Release|Any CPU = Release|Any CPU
	EndGlobalSection
	GlobalSection(ProjectConfigurationPlatforms) = postSolution
		{42CC4CB1-170A-C614-F569-30D6A40C685F}.Debug|Any CPU.ActiveCfg = Debug|Any CPU
		{42CC4CB1-170A-C614-F569-30D6A40C685F}.Debug|Any CPU.Build.0 = Debug|Any CPU
		{42CC4CB1-170A-C614-F569-30D6A40C685F}.Release|Any CPU.ActiveCfg = Release|Any CPU
		{42CC4CB1-170A-C614-F569-30D6A40C685F}.Release|Any CPU.Build.0 = Release|Any CPU
	EndGlobalSection
	GlobalSection(SolutionProperties) = preSolution
		HideSolutionNode = FALSE
	EndGlobalSection
	GlobalSection(ExtensibilityGlobals) = postSolution
		SolutionGuid = {35FA9EFF-4426-41E3-B092-79B7F0579374}
	EndGlobalSection
EndGlobal
