Microsoft Visual Studio Solution File, Format Version 12.00
# Visual Studio Version 17
VisualStudioVersion = 17.5.2.0
MinimumVisualStudioVersion = 10.0.40219.1
Project("{FAE04EC0-301F-11D3-BF4B-00C04F79EFBC}") = "KeyVaultManager", "KeyVaultManager.csproj", "{D3B5AE96-FE3D-4578-F8B0-65D0804A6D9B}"
EndProject
Global
	GlobalSection(SolutionConfigurationPlatforms) = preSolution
		Debug|Any CPU = Debug|Any CPU
		Release|Any CPU = Release|Any CPU
	EndGlobalSection
	GlobalSection(ProjectConfigurationPlatforms) = postSolution
		{D3B5AE96-FE3D-4578-F8B0-65D0804A6D9B}.Debug|Any CPU.ActiveCfg = Debug|Any CPU
		{D3B5AE96-FE3D-4578-F8B0-65D0804A6D9B}.Debug|Any CPU.Build.0 = Debug|Any CPU
		{D3B5AE96-FE3D-4578-F8B0-65D0804A6D9B}.Release|Any CPU.ActiveCfg = Release|Any CPU
		{D3B5AE96-FE3D-4578-F8B0-65D0804A6D9B}.Release|Any CPU.Build.0 = Release|Any CPU
	EndGlobalSection
	GlobalSection(SolutionProperties) = preSolution
		HideSolutionNode = FALSE
	EndGlobalSection
	GlobalSection(ExtensibilityGlobals) = postSolution
		SolutionGuid = {36D2EFAF-D1B7-4DF8-8917-42E548B3C3A5}
	EndGlobalSection
EndGlobal
