Microsoft Visual Studio Solution File, Format Version 12.00
# Visual Studio Version 17
VisualStudioVersion = 17.5.2.0
MinimumVisualStudioVersion = 10.0.40219.1
Project("{FAE04EC0-301F-11D3-BF4B-00C04F79EFBC}") = "EventGridReceiver", "EventGridReceiver.csproj", "{EB4224F3-F2A5-C4A1-D6CF-32E7E2FFEE70}"
EndProject
Global
	GlobalSection(SolutionConfigurationPlatforms) = preSolution
		Debug|Any CPU = Debug|Any CPU
		Release|Any CPU = Release|Any CPU
	EndGlobalSection
	GlobalSection(ProjectConfigurationPlatforms) = postSolution
		{EB4224F3-F2A5-C4A1-D6CF-32E7E2FFEE70}.Debug|Any CPU.ActiveCfg = Debug|Any CPU
		{EB4224F3-F2A5-C4A1-D6CF-32E7E2FFEE70}.Debug|Any CPU.Build.0 = Debug|Any CPU
		{EB4224F3-F2A5-C4A1-D6CF-32E7E2FFEE70}.Release|Any CPU.ActiveCfg = Release|Any CPU
		{EB4224F3-F2A5-C4A1-D6CF-32E7E2FFEE70}.Release|Any CPU.Build.0 = Release|Any CPU
	EndGlobalSection
	GlobalSection(SolutionProperties) = preSolution
		HideSolutionNode = FALSE
	EndGlobalSection
	GlobalSection(ExtensibilityGlobals) = postSolution
		SolutionGuid = {A35787CF-19DE-48C4-A559-D7CE6BBF2EE0}
	EndGlobalSection
EndGlobal
