Microsoft Visual Studio Solution File, Format Version 12.00
# Visual Studio Version 17
VisualStudioVersion = 17.5.2.0
MinimumVisualStudioVersion = 10.0.40219.1
Project("{FAE04EC0-301F-11D3-BF4B-00C04F79EFBC}") = "ServiceBusQueueSender", "ServiceBusQueueSender.csproj", "{7F119127-0FB0-69A4-377F-567679784331}"
EndProject
Global
	GlobalSection(SolutionConfigurationPlatforms) = preSolution
		Debug|Any CPU = Debug|Any CPU
		Release|Any CPU = Release|Any CPU
	EndGlobalSection
	GlobalSection(ProjectConfigurationPlatforms) = postSolution
		{7F119127-0FB0-69A4-377F-567679784331}.Debug|Any CPU.ActiveCfg = Debug|Any CPU
		{7F119127-0FB0-69A4-377F-567679784331}.Debug|Any CPU.Build.0 = Debug|Any CPU
		{7F119127-0FB0-69A4-377F-567679784331}.Release|Any CPU.ActiveCfg = Release|Any CPU
		{7F119127-0FB0-69A4-377F-567679784331}.Release|Any CPU.Build.0 = Release|Any CPU
	EndGlobalSection
	GlobalSection(SolutionProperties) = preSolution
		HideSolutionNode = FALSE
	EndGlobalSection
	GlobalSection(ExtensibilityGlobals) = postSolution
		SolutionGuid = {652565A5-343C-4675-9C90-6DA7D07B98C1}
	EndGlobalSection
EndGlobal
