
Microsoft Visual Studio Solution File, Format Version 12.00
# Visual Studio Version 17
VisualStudioVersion = 17.5.002.0
MinimumVisualStudioVersion = 10.0.40219.1
Project("{9A19103F-16F7-4668-BE54-9A1E7A4F7556}") = "QueueSender", "QueueSender\QueueSender.csproj", "{45CDAAA8-DF25-497A-A6BA-A0AC622A87D5}"
EndProject
Global
	GlobalSection(SolutionConfigurationPlatforms) = preSolution
		Debug|Any CPU = Debug|Any CPU
		Release|Any CPU = Release|Any CPU
	EndGlobalSection
	GlobalSection(ProjectConfigurationPlatforms) = postSolution
		{45CDAAA8-DF25-497A-A6BA-A0AC622A87D5}.Debug|Any CPU.ActiveCfg = Debug|Any CPU
		{45CDAAA8-DF25-497A-A6BA-A0AC622A87D5}.Debug|Any CPU.Build.0 = Debug|Any CPU
		{45CDAAA8-DF25-497A-A6BA-A0AC622A87D5}.Release|Any CPU.ActiveCfg = Release|Any CPU
		{45CDAAA8-DF25-497A-A6BA-A0AC622A87D5}.Release|Any CPU.Build.0 = Release|Any CPU
	EndGlobalSection
	GlobalSection(SolutionProperties) = preSolution
		HideSolutionNode = FALSE
	EndGlobalSection
	GlobalSection(ExtensibilityGlobals) = postSolution
		SolutionGuid = {3354F8D9-D7CF-4C54-A18F-9C34F08D161F}
	EndGlobalSection
EndGlobal
